// !$*UTF8*$!
{
	archiveVersion = 1;
	classes = {
	};
	objectVersion = 46;
	objects = {

/* Begin PBXBuildFile section */
		8F0C0FE81F0C03FD00EFBC89 /* AppDelegate.swift in Sources */ = {isa = PBXBuildFile; fileRef = 8F0C0FE71F0C03FD00EFBC89 /* AppDelegate.swift */; };
		8F0C0FEA1F0C03FD00EFBC89 /* ViewController.swift in Sources */ = {isa = PBXBuildFile; fileRef = 8F0C0FE91F0C03FD00EFBC89 /* ViewController.swift */; };
		8F0C0FED1F0C03FD00EFBC89 /* Main.storyboard in Resources */ = {isa = PBXBuildFile; fileRef = 8F0C0FEB1F0C03FD00EFBC89 /* Main.storyboard */; };
		8F0C0FEF1F0C03FD00EFBC89 /* Assets.xcassets in Resources */ = {isa = PBXBuildFile; fileRef = 8F0C0FEE1F0C03FD00EFBC89 /* Assets.xcassets */; };
		8F0C0FF21F0C03FD00EFBC89 /* LaunchScreen.storyboard in Resources */ = {isa = PBXBuildFile; fileRef = 8F0C0FF01F0C03FD00EFBC89 /* LaunchScreen.storyboard */; };
		8F0C0FFD1F0C03FD00EFBC89 /* SaveTheKittensExceptTheHairlessOnesTests.swift in Sources */ = {isa = PBXBuildFile; fileRef = 8F0C0FFC1F0C03FD00EFBC89 /* SaveTheKittensExceptTheHairlessOnesTests.swift */; };
		8F0C10081F0C03FD00EFBC89 /* SaveTheKittensExceptTheHairlessOnesUITests.swift in Sources */ = {isa = PBXBuildFile; fileRef = 8F0C10071F0C03FD00EFBC89 /* SaveTheKittensExceptTheHairlessOnesUITests.swift */; };
/* End PBXBuildFile section */

/* Begin PBXContainerItemProxy section */
		8F0C0FF91F0C03FD00EFBC89 /* PBXContainerItemProxy */ = {
			isa = PBXContainerItemProxy;
			containerPortal = 8F0C0FDC1F0C03FD00EFBC89 /* Project object */;
			proxyType = 1;
			remoteGlobalIDString = 8F0C0FE31F0C03FD00EFBC89;
			remoteInfo = SaveTheKittensExceptTheHairlessOnes;
		};
		8F0C10041F0C03FD00EFBC89 /* PBXContainerItemProxy */ = {
			isa = PBXContainerItemProxy;
			containerPortal = 8F0C0FDC1F0C03FD00EFBC89 /* Project object */;
			proxyType = 1;
			remoteGlobalIDString = 8F0C0FE31F0C03FD00EFBC89;
			remoteInfo = SaveTheKittensExceptTheHairlessOnes;
		};
/* End PBXContainerItemProxy section */

/* Begin PBXFileReference section */
		8F0C0FE41F0C03FD00EFBC89 /* SaveTheKittensExceptTheHairlessOnes.app */ = {isa = PBXFileReference; explicitFileType = wrapper.application; includeInIndex = 0; path = SaveTheKittensExceptTheHairlessOnes.app; sourceTree = BUILT_PRODUCTS_DIR; };
		8F0C0FE71F0C03FD00EFBC89 /* AppDelegate.swift */ = {isa = PBXFileReference; lastKnownFileType = sourcecode.swift; path = AppDelegate.swift; sourceTree = "<group>"; };
		8F0C0FE91F0C03FD00EFBC89 /* ViewController.swift */ = {isa = PBXFileReference; lastKnownFileType = sourcecode.swift; path = ViewController.swift; sourceTree = "<group>"; };
		8F0C0FEC1F0C03FD00EFBC89 /* Base */ = {isa = PBXFileReference; lastKnownFileType = file.storyboard; name = Base; path = Base.lproj/Main.storyboard; sourceTree = "<group>"; };
		8F0C0FEE1F0C03FD00EFBC89 /* Assets.xcassets */ = {isa = PBXFileReference; lastKnownFileType = folder.assetcatalog; path = Assets.xcassets; sourceTree = "<group>"; };
		8F0C0FF11F0C03FD00EFBC89 /* Base */ = {isa = PBXFileReference; lastKnownFileType = file.storyboard; name = Base; path = Base.lproj/LaunchScreen.storyboard; sourceTree = "<group>"; };
		8F0C0FF31F0C03FD00EFBC89 /* Info.plist */ = {isa = PBXFileReference; lastKnownFileType = text.plist.xml; path = Info.plist; sourceTree = "<group>"; };
		8F0C0FF81F0C03FD00EFBC89 /* SaveTheKittensExceptTheHairlessOnesTests.xctest */ = {isa = PBXFileReference; explicitFileType = wrapper.cfbundle; includeInIndex = 0; path = SaveTheKittensExceptTheHairlessOnesTests.xctest; sourceTree = BUILT_PRODUCTS_DIR; };
		8F0C0FFC1F0C03FD00EFBC89 /* SaveTheKittensExceptTheHairlessOnesTests.swift */ = {isa = PBXFileReference; lastKnownFileType = sourcecode.swift; path = SaveTheKittensExceptTheHairlessOnesTests.swift; sourceTree = "<group>"; };
		8F0C0FFE1F0C03FD00EFBC89 /* Info.plist */ = {isa = PBXFileReference; lastKnownFileType = text.plist.xml; path = Info.plist; sourceTree = "<group>"; };
		8F0C10031F0C03FD00EFBC89 /* SaveTheKittensExceptTheHairlessOnesUITests.xctest */ = {isa = PBXFileReference; explicitFileType = wrapper.cfbundle; includeInIndex = 0; path = SaveTheKittensExceptTheHairlessOnesUITests.xctest; sourceTree = BUILT_PRODUCTS_DIR; };
		8F0C10071F0C03FD00EFBC89 /* SaveTheKittensExceptTheHairlessOnesUITests.swift */ = {isa = PBXFileReference; lastKnownFileType = sourcecode.swift; path = SaveTheKittensExceptTheHairlessOnesUITests.swift; sourceTree = "<group>"; };
		8F0C10091F0C03FD00EFBC89 /* Info.plist */ = {isa = PBXFileReference; lastKnownFileType = text.plist.xml; path = Info.plist; sourceTree = "<group>"; };
/* End PBXFileReference section */

/* Begin PBXFrameworksBuildPhase section */
		8F0C0FE11F0C03FD00EFBC89 /* Frameworks */ = {
			isa = PBXFrameworksBuildPhase;
			buildActionMask = 2147483647;
			files = (
			);
			runOnlyForDeploymentPostprocessing = 0;
		};
		8F0C0FF51F0C03FD00EFBC89 /* Frameworks */ = {
			isa = PBXFrameworksBuildPhase;
			buildActionMask = 2147483647;
			files = (
			);
			runOnlyForDeploymentPostprocessing = 0;
		};
		8F0C10001F0C03FD00EFBC89 /* Frameworks */ = {
			isa = PBXFrameworksBuildPhase;
			buildActionMask = 2147483647;
			files = (
			);
			runOnlyForDeploymentPostprocessing = 0;
		};
/* End PBXFrameworksBuildPhase section */

/* Begin PBXGroup section */
		8F0C0FDB1F0C03FD00EFBC89 = {
			isa = PBXGroup;
			children = (
				8F0C0FE61F0C03FD00EFBC89 /* SaveTheKittensExceptTheHairlessOnes */,
				8F0C0FFB1F0C03FD00EFBC89 /* SaveTheKittensExceptTheHairlessOnesTests */,
				8F0C10061F0C03FD00EFBC89 /* SaveTheKittensExceptTheHairlessOnesUITests */,
				8F0C0FE51F0C03FD00EFBC89 /* Products */,
			);
			sourceTree = "<group>";
		};
		8F0C0FE51F0C03FD00EFBC89 /* Products */ = {
			isa = PBXGroup;
			children = (
				8F0C0FE41F0C03FD00EFBC89 /* SaveTheKittensExceptTheHairlessOnes.app */,
				8F0C0FF81F0C03FD00EFBC89 /* SaveTheKittensExceptTheHairlessOnesTests.xctest */,
				8F0C10031F0C03FD00EFBC89 /* SaveTheKittensExceptTheHairlessOnesUITests.xctest */,
			);
			name = Products;
			sourceTree = "<group>";
		};
		8F0C0FE61F0C03FD00EFBC89 /* SaveTheKittensExceptTheHairlessOnes */ = {
			isa = PBXGroup;
			children = (
				8F0C0FE71F0C03FD00EFBC89 /* AppDelegate.swift */,
				8F0C0FE91F0C03FD00EFBC89 /* ViewController.swift */,
				8F0C0FEB1F0C03FD00EFBC89 /* Main.storyboard */,
				8F0C0FEE1F0C03FD00EFBC89 /* Assets.xcassets */,
				8F0C0FF01F0C03FD00EFBC89 /* LaunchScreen.storyboard */,
				8F0C0FF31F0C03FD00EFBC89 /* Info.plist */,
			);
			path = SaveTheKittensExceptTheHairlessOnes;
			sourceTree = "<group>";
		};
		8F0C0FFB1F0C03FD00EFBC89 /* SaveTheKittensExceptTheHairlessOnesTests */ = {
			isa = PBXGroup;
			children = (
				8F0C0FFC1F0C03FD00EFBC89 /* SaveTheKittensExceptTheHairlessOnesTests.swift */,
				8F0C0FFE1F0C03FD00EFBC89 /* Info.plist */,
			);
			path = SaveTheKittensExceptTheHairlessOnesTests;
			sourceTree = "<group>";
		};
		8F0C10061F0C03FD00EFBC89 /* SaveTheKittensExceptTheHairlessOnesUITests */ = {
			isa = PBXGroup;
			children = (
				8F0C10071F0C03FD00EFBC89 /* SaveTheKittensExceptTheHairlessOnesUITests.swift */,
				8F0C10091F0C03FD00EFBC89 /* Info.plist */,
			);
			path = SaveTheKittensExceptTheHairlessOnesUITests;
			sourceTree = "<group>";
		};
/* End PBXGroup section */

/* Begin PBXNativeTarget section */
		8F0C0FE31F0C03FD00EFBC89 /* SaveTheKittensExceptTheHairlessOnes */ = {
			isa = PBXNativeTarget;
			buildConfigurationList = 8F0C100C1F0C03FD00EFBC89 /* Build configuration list for PBXNativeTarget "SaveTheKittensExceptTheHairlessOnes" */;
			buildPhases = (
				8F0C0FE01F0C03FD00EFBC89 /* Sources */,
				8F0C0FE11F0C03FD00EFBC89 /* Frameworks */,
				8F0C0FE21F0C03FD00EFBC89 /* Resources */,
			);
			buildRules = (
			);
			dependencies = (
			);
			name = SaveTheKittensExceptTheHairlessOnes;
			productName = SaveTheKittensExceptTheHairlessOnes;
			productReference = 8F0C0FE41F0C03FD00EFBC89 /* SaveTheKittensExceptTheHairlessOnes.app */;
			productType = "com.apple.product-type.application";
		};
		8F0C0FF71F0C03FD00EFBC89 /* SaveTheKittensExceptTheHairlessOnesTests */ = {
			isa = PBXNativeTarget;
			buildConfigurationList = 8F0C100F1F0C03FD00EFBC89 /* Build configuration list for PBXNativeTarget "SaveTheKittensExceptTheHairlessOnesTests" */;
			buildPhases = (
				8F0C0FF41F0C03FD00EFBC89 /* Sources */,
				8F0C0FF51F0C03FD00EFBC89 /* Frameworks */,
				8F0C0FF61F0C03FD00EFBC89 /* Resources */,
			);
			buildRules = (
			);
			dependencies = (
				8F0C0FFA1F0C03FD00EFBC89 /* PBXTargetDependency */,
			);
			name = SaveTheKittensExceptTheHairlessOnesTests;
			productName = SaveTheKittensExceptTheHairlessOnesTests;
			productReference = 8F0C0FF81F0C03FD00EFBC89 /* SaveTheKittensExceptTheHairlessOnesTests.xctest */;
			productType = "com.apple.product-type.bundle.unit-test";
		};
		8F0C10021F0C03FD00EFBC89 /* SaveTheKittensExceptTheHairlessOnesUITests */ = {
			isa = PBXNativeTarget;
			buildConfigurationList = 8F0C10121F0C03FD00EFBC89 /* Build configuration list for PBXNativeTarget "SaveTheKittensExceptTheHairlessOnesUITests" */;
			buildPhases = (
				8F0C0FFF1F0C03FD00EFBC89 /* Sources */,
				8F0C10001F0C03FD00EFBC89 /* Frameworks */,
				8F0C10011F0C03FD00EFBC89 /* Resources */,
			);
			buildRules = (
			);
			dependencies = (
				8F0C10051F0C03FD00EFBC89 /* PBXTargetDependency */,
			);
			name = SaveTheKittensExceptTheHairlessOnesUITests;
			productName = SaveTheKittensExceptTheHairlessOnesUITests;
			productReference = 8F0C10031F0C03FD00EFBC89 /* SaveTheKittensExceptTheHairlessOnesUITests.xctest */;
			productType = "com.apple.product-type.bundle.ui-testing";
		};
/* End PBXNativeTarget section */

/* Begin PBXProject section */
		8F0C0FDC1F0C03FD00EFBC89 /* Project object */ = {
			isa = PBXProject;
			attributes = {
				LastSwiftUpdateCheck = 0820;
				LastUpgradeCheck = 0820;
				ORGANIZATIONNAME = naveen;
				TargetAttributes = {
					8F0C0FE31F0C03FD00EFBC89 = {
						CreatedOnToolsVersion = 8.2;
						ProvisioningStyle = Automatic;
					};
					8F0C0FF71F0C03FD00EFBC89 = {
						CreatedOnToolsVersion = 8.2;
						ProvisioningStyle = Automatic;
						TestTargetID = 8F0C0FE31F0C03FD00EFBC89;
					};
					8F0C10021F0C03FD00EFBC89 = {
						CreatedOnToolsVersion = 8.2;
						ProvisioningStyle = Automatic;
						TestTargetID = 8F0C0FE31F0C03FD00EFBC89;
					};
				};
			};
			buildConfigurationList = 8F0C0FDF1F0C03FD00EFBC89 /* Build configuration list for PBXProject "SaveTheKittensExceptTheHairlessOnes" */;
			compatibilityVersion = "Xcode 3.2";
			developmentRegion = English;
			hasScannedForEncodings = 0;
			knownRegions = (
				en,
				Base,
			);
			mainGroup = 8F0C0FDB1F0C03FD00EFBC89;
			productRefGroup = 8F0C0FE51F0C03FD00EFBC89 /* Products */;
			projectDirPath = "";
			projectRoot = "";
			targets = (
				8F0C0FE31F0C03FD00EFBC89 /* SaveTheKittensExceptTheHairlessOnes */,
				8F0C0FF71F0C03FD00EFBC89 /* SaveTheKittensExceptTheHairlessOnesTests */,
				8F0C10021F0C03FD00EFBC89 /* SaveTheKittensExceptTheHairlessOnesUITests */,
			);
		};
/* End PBXProject section */

/* Begin PBXResourcesBuildPhase section */
		8F0C0FE21F0C03FD00EFBC89 /* Resources */ = {
			isa = PBXResourcesBuildPhase;
			buildActionMask = 2147483647;
			files = (
				8F0C0FF21F0C03FD00EFBC89 /* LaunchScreen.storyboard in Resources */,
				8F0C0FEF1F0C03FD00EFBC89 /* Assets.xcassets in Resources */,
				8F0C0FED1F0C03FD00EFBC89 /* Main.storyboard in Resources */,
			);
			runOnlyForDeploymentPostprocessing = 0;
		};
		8F0C0FF61F0C03FD00EFBC89 /* Resources */ = {
			isa = PBXResourcesBuildPhase;
			buildActionMask = 2147483647;
			files = (
			);
			runOnlyForDeploymentPostprocessing = 0;
		};
		8F0C10011F0C03FD00EFBC89 /* Resources */ = {
			isa = PBXResourcesBuildPhase;
			buildActionMask = 2147483647;
			files = (
			);
			runOnlyForDeploymentPostprocessing = 0;
		};
/* End PBXResourcesBuildPhase section */

/* Begin PBXSourcesBuildPhase section */
		8F0C0FE01F0C03FD00EFBC89 /* Sources */ = {
			isa = PBXSourcesBuildPhase;
			buildActionMask = 2147483647;
			files = (
				8F0C0FEA1F0C03FD00EFBC89 /* ViewController.swift in Sources */,
				8F0C0FE81F0C03FD00EFBC89 /* AppDelegate.swift in Sources */,
			);
			runOnlyForDeploymentPostprocessing = 0;
		};
		8F0C0FF41F0C03FD00EFBC89 /* Sources */ = {
			isa = PBXSourcesBuildPhase;
			buildActionMask = 2147483647;
			files = (
				8F0C0FFD1F0C03FD00EFBC89 /* SaveTheKittensExceptTheHairlessOnesTests.swift in Sources */,
			);
			runOnlyForDeploymentPostprocessing = 0;
		};
		8F0C0FFF1F0C03FD00EFBC89 /* Sources */ = {
			isa = PBXSourcesBuildPhase;
			buildActionMask = 2147483647;
			files = (
				8F0C10081F0C03FD00EFBC89 /* SaveTheKittensExceptTheHairlessOnesUITests.swift in Sources */,
			);
			runOnlyForDeploymentPostprocessing = 0;
		};
/* End PBXSourcesBuildPhase section */

/* Begin PBXTargetDependency section */
		8F0C0FFA1F0C03FD00EFBC89 /* PBXTargetDependency */ = {
			isa = PBXTargetDependency;
			target = 8F0C0FE31F0C03FD00EFBC89 /* SaveTheKittensExceptTheHairlessOnes */;
			targetProxy = 8F0C0FF91F0C03FD00EFBC89 /* PBXContainerItemProxy */;
		};
		8F0C10051F0C03FD00EFBC89 /* PBXTargetDependency */ = {
			isa = PBXTargetDependency;
			target = 8F0C0FE31F0C03FD00EFBC89 /* SaveTheKittensExceptTheHairlessOnes */;
			targetProxy = 8F0C10041F0C03FD00EFBC89 /* PBXContainerItemProxy */;
		};
/* End PBXTargetDependency section */

/* Begin PBXVariantGroup section */
		8F0C0FEB1F0C03FD00EFBC89 /* Main.storyboard */ = {
			isa = PBXVariantGroup;
			children = (
				8F0C0FEC1F0C03FD00EFBC89 /* Base */,
			);
			name = Main.storyboard;
			sourceTree = "<group>";
		};
		8F0C0FF01F0C03FD00EFBC89 /* LaunchScreen.storyboard */ = {
			isa = PBXVariantGroup;
			children = (
				8F0C0FF11F0C03FD00EFBC89 /* Base */,
			);
			name = LaunchScreen.storyboard;
			sourceTree = "<group>";
		};
/* End PBXVariantGroup section */

/* Begin XCBuildConfiguration section */
		8F0C100A1F0C03FD00EFBC89 /* Debug */ = {
			isa = XCBuildConfiguration;
			buildSettings = {
				ALWAYS_SEARCH_USER_PATHS = NO;
				CLANG_ANALYZER_NONNULL = YES;
				CLANG_CXX_LANGUAGE_STANDARD = "gnu++0x";
				CLANG_CXX_LIBRARY = "libc++";
				CLANG_ENABLE_MODULES = YES;
				CLANG_ENABLE_OBJC_ARC = YES;
				CLANG_WARN_BOOL_CONVERSION = YES;
				CLANG_WARN_CONSTANT_CONVERSION = YES;
				CLANG_WARN_DIRECT_OBJC_ISA_USAGE = YES_ERROR;
				CLANG_WARN_DOCUMENTATION_COMMENTS = YES;
				CLANG_WARN_EMPTY_BODY = YES;
				CLANG_WARN_ENUM_CONVERSION = YES;
				CLANG_WARN_INFINITE_RECURSION = YES;
				CLANG_WARN_INT_CONVERSION = YES;
				CLANG_WARN_OBJC_ROOT_CLASS = YES_ERROR;
				CLANG_WARN_SUSPICIOUS_MOVE = YES;
				CLANG_WARN_UNREACHABLE_CODE = YES;
				CLANG_WARN__DUPLICATE_METHOD_MATCH = YES;
				"CODE_SIGN_IDENTITY[sdk=iphoneos*]" = "iPhone Developer";
				COPY_PHASE_STRIP = NO;
				DEBUG_INFORMATION_FORMAT = dwarf;
				ENABLE_STRICT_OBJC_MSGSEND = YES;
				ENABLE_TESTABILITY = YES;
				GCC_C_LANGUAGE_STANDARD = gnu99;
				GCC_DYNAMIC_NO_PIC = NO;
				GCC_NO_COMMON_BLOCKS = YES;
				GCC_OPTIMIZATION_LEVEL = 0;
				GCC_PREPROCESSOR_DEFINITIONS = (
					"DEBUG=1",
					"$(inherited)",
				);
				GCC_WARN_64_TO_32_BIT_CONVERSION = YES;
				GCC_WARN_ABOUT_RETURN_TYPE = YES_ERROR;
				GCC_WARN_UNDECLARED_SELECTOR = YES;
				GCC_WARN_UNINITIALIZED_AUTOS = YES_AGGRESSIVE;
				GCC_WARN_UNUSED_FUNCTION = YES;
				GCC_WARN_UNUSED_VARIABLE = YES;
				IPHONEOS_DEPLOYMENT_TARGET = 10.2;
				MTL_ENABLE_DEBUG_INFO = YES;
				ONLY_ACTIVE_ARCH = YES;
				SDKROOT = iphoneos;
				SWIFT_ACTIVE_COMPILATION_CONDITIONS = DEBUG;
				SWIFT_OPTIMIZATION_LEVEL = "-Onone";
				TARGETED_DEVICE_FAMILY = "1,2";
			};
			name = Debug;
		};
		8F0C100B1F0C03FD00EFBC89 /* Release */ = {
			isa = XCBuildConfiguration;
			buildSettings = {
				ALWAYS_SEARCH_USER_PATHS = NO;
				CLANG_ANALYZER_NONNULL = YES;
				CLANG_CXX_LANGUAGE_STANDARD = "gnu++0x";
				CLANG_CXX_LIBRARY = "libc++";
				CLANG_ENABLE_MODULES = YES;
				CLANG_ENABLE_OBJC_ARC = YES;
				CLANG_WARN_BOOL_CONVERSION = YES;
				CLANG_WARN_CONSTANT_CONVERSION = YES;
				CLANG_WARN_DIRECT_OBJC_ISA_USAGE = YES_ERROR;
				CLANG_WARN_DOCUMENTATION_COMMENTS = YES;
				CLANG_WARN_EMPTY_BODY = YES;
				CLANG_WARN_ENUM_CONVERSION = YES;
				CLANG_WARN_INFINITE_RECURSION = YES;
				CLANG_WARN_INT_CONVERSION = YES;
				CLANG_WARN_OBJC_ROOT_CLASS = YES_ERROR;
				CLANG_WARN_SUSPICIOUS_MOVE = YES;
				CLANG_WARN_UNREACHABLE_CODE = YES;
				CLANG_WARN__DUPLICATE_METHOD_MATCH = YES;
				"CODE_SIGN_IDENTITY[sdk=iphoneos*]" = "iPhone Developer";
				COPY_PHASE_STRIP = NO;
				DEBUG_INFORMATION_FORMAT = "dwarf-with-dsym";
				ENABLE_NS_ASSERTIONS = NO;
				ENABLE_STRICT_OBJC_MSGSEND = YES;
				GCC_C_LANGUAGE_STANDARD = gnu99;
				GCC_NO_COMMON_BLOCKS = YES;
				GCC_WARN_64_TO_32_BIT_CONVERSION = YES;
				GCC_WARN_ABOUT_RETURN_TYPE = YES_ERROR;
				GCC_WARN_UNDECLARED_SELECTOR = YES;
				GCC_WARN_UNINITIALIZED_AUTOS = YES_AGGRESSIVE;
				GCC_WARN_UNUSED_FUNCTION = YES;
				GCC_WARN_UNUSED_VARIABLE = YES;
				IPHONEOS_DEPLOYMENT_TARGET = 10.2;
				MTL_ENABLE_DEBUG_INFO = NO;
				SDKROOT = iphoneos;
				SWIFT_OPTIMIZATION_LEVEL = "-Owholemodule";
				TARGETED_DEVICE_FAMILY = "1,2";
				VALIDATE_PRODUCT = YES;
			};
			name = Release;
		};
		8F0C100D1F0C03FD00EFBC89 /* Debug */ = {
			isa = XCBuildConfiguration;
			buildSettings = {
				ASSETCATALOG_COMPILER_APPICON_NAME = AppIcon;
				INFOPLIST_FILE = SaveTheKittensExceptTheHairlessOnes/Info.plist;
				LD_RUNPATH_SEARCH_PATHS = "$(inherited) @executable_path/Frameworks";
				PRODUCT_BUNDLE_IDENTIFIER = com.naveen.SaveTheKittensExceptTheHairlessOnes;
				PRODUCT_NAME = "$(TARGET_NAME)";
				SWIFT_VERSION = 3.0;
			};
			name = Debug;
		};
		8F0C100E1F0C03FD00EFBC89 /* Release */ = {
			isa = XCBuildConfiguration;
			buildSettings = {
				ASSETCATALOG_COMPILER_APPICON_NAME = AppIcon;
				INFOPLIST_FILE = SaveTheKittensExceptTheHairlessOnes/Info.plist;
				LD_RUNPATH_SEARCH_PATHS = "$(inherited) @executable_path/Frameworks";
				PRODUCT_BUNDLE_IDENTIFIER = com.naveen.SaveTheKittensExceptTheHairlessOnes;
				PRODUCT_NAME = "$(TARGET_NAME)";
				SWIFT_VERSION = 3.0;
			};
			name = Release;
		};
		8F0C10101F0C03FD00EFBC89 /* Debug */ = {
			isa = XCBuildConfiguration;
			buildSettings = {
				ALWAYS_EMBED_SWIFT_STANDARD_LIBRARIES = YES;
				BUNDLE_LOADER = "$(TEST_HOST)";
				INFOPLIST_FILE = SaveTheKittensExceptTheHairlessOnesTests/Info.plist;
				LD_RUNPATH_SEARCH_PATHS = "$(inherited) @executable_path/Frameworks @loader_path/Frameworks";
				PRODUCT_BUNDLE_IDENTIFIER = com.naveen.SaveTheKittensExceptTheHairlessOnesTests;
				PRODUCT_NAME = "$(TARGET_NAME)";
				SWIFT_VERSION = 3.0;
				TEST_HOST = "$(BUILT_PRODUCTS_DIR)/SaveTheKittensExceptTheHairlessOnes.app/SaveTheKittensExceptTheHairlessOnes";
			};
			name = Debug;
		};
		8F0C10111F0C03FD00EFBC89 /* Release */ = {
			isa = XCBuildConfiguration;
			buildSettings = {
				ALWAYS_EMBED_SWIFT_STANDARD_LIBRARIES = YES;
				BUNDLE_LOADER = "$(TEST_HOST)";
				INFOPLIST_FILE = SaveTheKittensExceptTheHairlessOnesTests/Info.plist;
				LD_RUNPATH_SEARCH_PATHS = "$(inherited) @executable_path/Frameworks @loader_path/Frameworks";
				PRODUCT_BUNDLE_IDENTIFIER = com.naveen.SaveTheKittensExceptTheHairlessOnesTests;
				PRODUCT_NAME = "$(TARGET_NAME)";
				SWIFT_VERSION = 3.0;
				TEST_HOST = "$(BUILT_PRODUCTS_DIR)/SaveTheKittensExceptTheHairlessOnes.app/SaveTheKittensExceptTheHairlessOnes";
			};
			name = Release;
		};
		8F0C10131F0C03FD00EFBC89 /* Debug */ = {
			isa = XCBuildConfiguration;
			buildSettings = {
				ALWAYS_EMBED_SWIFT_STANDARD_LIBRARIES = YES;
				INFOPLIST_FILE = SaveTheKittensExceptTheHairlessOnesUITests/Info.plist;
				LD_RUNPATH_SEARCH_PATHS = "$(inherited) @executable_path/Frameworks @loader_path/Frameworks";
				PRODUCT_BUNDLE_IDENTIFIER = com.naveen.SaveTheKittensExceptTheHairlessOnesUITests;
				PRODUCT_NAME = "$(TARGET_NAME)";
				SWIFT_VERSION = 3.0;
				TEST_TARGET_NAME = SaveTheKittensExceptTheHairlessOnes;
			};
			name = Debug;
		};
		8F0C10141F0C03FD00EFBC89 /* Release */ = {
			isa = XCBuildConfiguration;
			buildSettings = {
				ALWAYS_EMBED_SWIFT_STANDARD_LIBRARIES = YES;
				INFOPLIST_FILE = SaveTheKittensExceptTheHairlessOnesUITests/Info.plist;
				LD_RUNPATH_SEARCH_PATHS = "$(inherited) @executable_path/Frameworks @loader_path/Frameworks";
				PRODUCT_BUNDLE_IDENTIFIER = com.naveen.SaveTheKittensExceptTheHairlessOnesUITests;
				PRODUCT_NAME = "$(TARGET_NAME)";
				SWIFT_VERSION = 3.0;
				TEST_TARGET_NAME = SaveTheKittensExceptTheHairlessOnes;
			};
			name = Release;
		};
/* End XCBuildConfiguration section */

/* Begin XCConfigurationList section */
		8F0C0FDF1F0C03FD00EFBC89 /* Build configuration list for PBXProject "SaveTheKittensExceptTheHairlessOnes" */ = {
			isa = XCConfigurationList;
			buildConfigurations = (
				8F0C100A1F0C03FD00EFBC89 /* Debug */,
				8F0C100B1F0C03FD00EFBC89 /* Release */,
			);
			defaultConfigurationIsVisible = 0;
			defaultConfigurationName = Release;
		};
		8F0C100C1F0C03FD00EFBC89 /* Build configuration list for PBXNativeTarget "SaveTheKittensExceptTheHairlessOnes" */ = {
			isa = XCConfigurationList;
			buildConfigurations = (
				8F0C100D1F0C03FD00EFBC89 /* Debug */,
				8F0C100E1F0C03FD00EFBC89 /* Release */,
			);
			defaultConfigurationIsVisible = 0;
		};
		8F0C100F1F0C03FD00EFBC89 /* Build configuration list for PBXNativeTarget "SaveTheKittensExceptTheHairlessOnesTests" */ = {
			isa = XCConfigurationList;
			buildConfigurations = (
				8F0C10101F0C03FD00EFBC89 /* Debug */,
				8F0C10111F0C03FD00EFBC89 /* Release */,
			);
			defaultConfigurationIsVisible = 0;
		};
		8F0C10121F0C03FD00EFBC89 /* Build configuration list for PBXNativeTarget "SaveTheKittensExceptTheHairlessOnesUITests" */ = {
			isa = XCConfigurationList;
			buildConfigurations = (
				8F0C10131F0C03FD00EFBC89 /* Debug */,
				8F0C10141F0C03FD00EFBC89 /* Release */,
			);
			defaultConfigurationIsVisible = 0;
		};
/* End XCConfigurationList section */
	};
	rootObject = 8F0C0FDC1F0C03FD00EFBC89 /* Project object */;
}
